
Microsoft Visual Studio Solution File, Format Version 12.00
# Visual Studio Version 17
VisualStudioVersion = 17.8.34316.72
MinimumVisualStudioVersion = 10.0.40219.1
Project("{2150E333-8FDC-42A3-9474-1A3956D46DE8}") = "libraries", "libraries", "{EBD1F96B-460B-4748-9BCC-2EB3F589DB64}"
EndProject
Project("{2150E333-8FDC-42A3-9474-1A3956D46DE8}") = "instance", "instance", "{A4C93E99-C949-488D-9B60-7DC9BCFCA31C}"
EndProject
Project("{2150E333-8FDC-42A3-9474-1A3956D46DE8}") = "modules", "modules", "{117AD04C-A761-4DB7-A604-5D6026539385}"
EndProject
Project("{9A19103F-16F7-4668-BE54-9A1E7A4F7556}") = "TrakHound.Common", "libraries\TrakHound.Common\TrakHound.Common.csproj", "{1AF696AA-9716-47EF-B360-7D0DE59399E2}"
EndProject
Project("{9A19103F-16F7-4668-BE54-9A1E7A4F7556}") = "TrakHound.Buffers", "libraries\TrakHound.Buffers\TrakHound.Buffers.csproj", "{5F12CA44-3A97-4A76-84F7-1FCE9510940D}"
EndProject
Project("{9A19103F-16F7-4668-BE54-9A1E7A4F7556}") = "TrakHound.Drivers", "libraries\TrakHound.Drivers\TrakHound.Drivers.csproj", "{05E96A39-F464-4653-8CAA-7BDE40A05B9E}"
EndProject
Project("{9A19103F-16F7-4668-BE54-9A1E7A4F7556}") = "TrakHound.Routing", "libraries\TrakHound.Routing\TrakHound.Routing.csproj", "{60153B47-2781-49DE-8355-AD1D5572B716}"
EndProject
Project("{9A19103F-16F7-4668-BE54-9A1E7A4F7556}") = "TrakHound.Instance", "instance\TrakHound.Instance\TrakHound.Instance.csproj", "{5FC27E7E-3B7B-4EAB-982B-0176812B224B}"
EndProject
Project("{9A19103F-16F7-4668-BE54-9A1E7A4F7556}") = "TrakHound.Instances", "instance\TrakHound.Instances\TrakHound.Instances.csproj", "{90DD2116-DD37-4D44-A2BA-9A813A6193B5}"
EndProject
Project("{9A19103F-16F7-4668-BE54-9A1E7A4F7556}") = "TrakHound.Debug.Apps", "libraries\TrakHound.Debug.Apps\TrakHound.Debug.Apps.csproj", "{606BA481-FE57-415D-9F83-601EF965F924}"
EndProject
Project("{9A19103F-16F7-4668-BE54-9A1E7A4F7556}") = "TrakHound.Blazor", "libraries\TrakHound.Blazor\TrakHound.Blazor.csproj", "{FAFB40CA-BF0A-4ED3-B48E-3417E2202F24}"
EndProject
Project("{9A19103F-16F7-4668-BE54-9A1E7A4F7556}") = "TrakHound.Blazor.Diagrams", "libraries\TrakHound.Blazor.Diagrams\TrakHound.Blazor.Diagrams.csproj", "{A3FD769A-6D6B-4484-B258-CBEA3ABE3FF7}"
EndProject
Project("{9A19103F-16F7-4668-BE54-9A1E7A4F7556}") = "TrakHound.Blazor.Explorer", "libraries\TrakHound.Blazor.Explorer\TrakHound.Blazor.Explorer.csproj", "{647AB8F8-EB08-4877-8E59-378EA569D298}"
EndProject
Project("{9A19103F-16F7-4668-BE54-9A1E7A4F7556}") = "TrakHound.Blazor.Hosting", "libraries\TrakHound.Blazor.Hosting\TrakHound.Blazor.Hosting.csproj", "{A6D7E268-32E8-47B8-87D9-CAE3E0C74766}"
EndProject
Project("{9A19103F-16F7-4668-BE54-9A1E7A4F7556}") = "TrakHound.Blazor.Instance", "libraries\TrakHound.Blazor.Instance\TrakHound.Blazor.Instance.csproj", "{E6324032-CB9F-4023-BF95-C18576BBAD6C}"
EndProject
Project("{9A19103F-16F7-4668-BE54-9A1E7A4F7556}") = "TrakHound.Debug.AspNetCore", "libraries\TrakHound.Debug.AspNetCore\TrakHound.Debug.AspNetCore.csproj", "{24EA3288-4D92-4F66-A340-D232C760BDA1}"
EndProject
Project("{2150E333-8FDC-42A3-9474-1A3956D46DE8}") = "build", "build", "{A7554CF0-8D26-4900-BF61-639BFDFD38BF}"
	ProjectSection(SolutionItems) = preProject
		build\AssemblyInfo.cs = build\AssemblyInfo.cs
		README.md = README.md
	EndProjectSection
EndProject
Project("{9A19103F-16F7-4668-BE54-9A1E7A4F7556}") = "TrakHound.Entities.Api", "modules\TrakHound.Entities.Api\TrakHound.Entities.Api.csproj", "{C1756030-F567-41ED-984B-D866884A5046}"
EndProject
Project("{9A19103F-16F7-4668-BE54-9A1E7A4F7556}") = "TrakHound.Functions.Api", "modules\TrakHound.Functions.Api\TrakHound.Functions.Api.csproj", "{1309BAB6-3226-4360-A136-809193E8CB0B}"
EndProject
Project("{9A19103F-16F7-4668-BE54-9A1E7A4F7556}") = "TrakHound.Entities.Clipboard.Api", "modules\TrakHound.Entities.Clipboard.Api\TrakHound.Entities.Clipboard.Api.csproj", "{2F720833-9916-4AAA-AE2F-E96E62BC40C2}"
EndProject
Project("{2150E333-8FDC-42A3-9474-1A3956D46DE8}") = "cli", "cli", "{045D3D14-936F-4CC8-9E94-0FC35BBF6E03}"
EndProject
Project("{9A19103F-16F7-4668-BE54-9A1E7A4F7556}") = "TrakHound.CLI", "cli\TrakHound.CLI.csproj", "{809A710F-0CC4-4C7C-A298-9AF5EA8022AC}"
EndProject
Project("{9A19103F-16F7-4668-BE54-9A1E7A4F7556}") = "TrakHound.Packages.DotNet", "libraries\TrakHound.Packages.DotNet\TrakHound.Packages.DotNet.csproj", "{A5E418C3-A71F-4C09-B439-307382EFE8AF}"
EndProject
Project("{9A19103F-16F7-4668-BE54-9A1E7A4F7556}") = "TrakHound.Utilities.Sqlite", "libraries\TrakHound.Utilities.Sqlite\TrakHound.Utilities.Sqlite.csproj", "{35F80F67-5BA1-4C32-85DF-E5454705B3F6}"
EndProject
Project("{9A19103F-16F7-4668-BE54-9A1E7A4F7556}") = "TrakHound.Barcodes.Api", "modules\TrakHound.Barcodes.Api\TrakHound.Barcodes.Api.csproj", "{28618CF5-36D8-4062-AE4D-63725D941638}"
EndProject
Project("{9A19103F-16F7-4668-BE54-9A1E7A4F7556}") = "TrakHound.FileSystem.Drivers", "modules\TrakHound.FileSystem.Drivers\TrakHound.FileSystem.Drivers.csproj", "{5F41470E-DDB3-42F1-9D53-DBD3EFD1291C}"
EndProject
Project("{9A19103F-16F7-4668-BE54-9A1E7A4F7556}") = "TrakHound.Json.Api", "modules\TrakHound.Json.Api\TrakHound.Json.Api.csproj", "{07A02F98-D670-4B48-9D1E-6F4585746047}"
EndProject
Project("{9A19103F-16F7-4668-BE54-9A1E7A4F7556}") = "TrakHound.Memory.Drivers", "modules\TrakHound.Memory.Drivers\TrakHound.Memory.Drivers.csproj", "{5FFF3117-6E79-41F1-AF8C-F2881F67213C}"
EndProject
Project("{9A19103F-16F7-4668-BE54-9A1E7A4F7556}") = "TrakHound.ScheduledTasks.Api", "modules\TrakHound.ScheduledTasks.Api\TrakHound.ScheduledTasks.Api.csproj", "{9951C9B8-603A-42DC-8B5B-FD2A02D63404}"
EndProject
Project("{9A19103F-16F7-4668-BE54-9A1E7A4F7556}") = "TrakHound.ScheduledTasks.Service", "modules\TrakHound.ScheduledTasks.Service\TrakHound.ScheduledTasks.Service.csproj", "{A4DD3553-3B92-4876-8E4F-554DFF59B92C}"
EndProject
Project("{9A19103F-16F7-4668-BE54-9A1E7A4F7556}") = "TrakHound.Sqlite.Drivers", "modules\TrakHound.Sqlite.Drivers\TrakHound.Sqlite.Drivers.csproj", "{348E424B-67F9-4763-B12E-9A1A4E764F5C}"
EndProject
Project("{9A19103F-16F7-4668-BE54-9A1E7A4F7556}") = "TrakHound.GitHub.Api", "modules\TrakHound.GitHub.Api\TrakHound.GitHub.Api.csproj", "{9406069A-66A2-4E48-B5D8-8054EA8C4833}"
EndProject
Project("{9A19103F-16F7-4668-BE54-9A1E7A4F7556}") = "TrakHound.HomePage.App", "modules\TrakHound.HomePage.App\TrakHound.HomePage.App.csproj", "{1B55B7B4-7CD8-4958-8F8A-686C453E27BC}"
EndProject
Project("{9A19103F-16F7-4668-BE54-9A1E7A4F7556}") = "TrakHound.Http.Drivers", "modules\TrakHound.Http.Drivers\TrakHound.Http.Drivers.csproj", "{CF8E8B1D-5699-45FD-B5A4-7267B1103DFF}"
EndProject
Project("{9A19103F-16F7-4668-BE54-9A1E7A4F7556}") = "TrakHound.Images.Api", "modules\TrakHound.Images.Api\TrakHound.Images.Api.csproj", "{6D8FCBD6-EE2D-418C-834B-2A3E4ECBD4DB}"
EndProject
Project("{9A19103F-16F7-4668-BE54-9A1E7A4F7556}") = "TrakHound.Images.Service", "modules\TrakHound.Images.Service\TrakHound.Images.Service.csproj", "{4CCD5EA0-0820-4FB1-99CD-FAF1CA7A2726}"
EndProject
Project("{9A19103F-16F7-4668-BE54-9A1E7A4F7556}") = "TrakHound.Scripts.Python.Api", "modules\TrakHound.Scripts.Python.Api\TrakHound.Scripts.Python.Api.csproj", "{6D02239B-157A-46F9-8523-B78D2D6BC9F7}"
EndProject
Project("{9A19103F-16F7-4668-BE54-9A1E7A4F7556}") = "TrakHound.Scripts.Python.Function", "modules\TrakHound.Scripts.Python.Function\TrakHound.Scripts.Python.Function.csproj", "{00CA8BE1-7E56-4998-B14F-703A2A8680E3}"
EndProject
Project("{9A19103F-16F7-4668-BE54-9A1E7A4F7556}") = "TrakHound.Static.Api", "modules\TrakHound.Static.Api\TrakHound.Static.Api.csproj", "{226CBA22-4AFA-4F6B-BA44-28AA1E1411B1}"
EndProject
Project("{9A19103F-16F7-4668-BE54-9A1E7A4F7556}") = "TrakHound.Templates.Liquid.Api", "modules\TrakHound.Templates.Liquid.Api\TrakHound.Templates.Liquid.Api.csproj", "{3F509018-ADC5-4423-9BED-9C17A734B6C0}"
EndProject
Project("{9A19103F-16F7-4668-BE54-9A1E7A4F7556}") = "TrakHound.Token.Identity", "modules\TrakHound.Token.Identity\TrakHound.Token.Identity.csproj", "{30926382-3EF5-4D97-81E2-D69F43575E24}"
EndProject
Global
	GlobalSection(SolutionConfigurationPlatforms) = preSolution
		Debug|Any CPU = Debug|Any CPU
		Package|Any CPU = Package|Any CPU
		Release|Any CPU = Release|Any CPU
	EndGlobalSection
	GlobalSection(ProjectConfigurationPlatforms) = postSolution
		{1AF696AA-9716-47EF-B360-7D0DE59399E2}.Debug|Any CPU.ActiveCfg = Debug|Any CPU
		{1AF696AA-9716-47EF-B360-7D0DE59399E2}.Debug|Any CPU.Build.0 = Debug|Any CPU
		{1AF696AA-9716-47EF-B360-7D0DE59399E2}.Package|Any CPU.ActiveCfg = Package|Any CPU
		{1AF696AA-9716-47EF-B360-7D0DE59399E2}.Package|Any CPU.Build.0 = Package|Any CPU
		{1AF696AA-9716-47EF-B360-7D0DE59399E2}.Release|Any CPU.ActiveCfg = Release|Any CPU
		{1AF696AA-9716-47EF-B360-7D0DE59399E2}.Release|Any CPU.Build.0 = Release|Any CPU
		{5F12CA44-3A97-4A76-84F7-1FCE9510940D}.Debug|Any CPU.ActiveCfg = Debug|Any CPU
		{5F12CA44-3A97-4A76-84F7-1FCE9510940D}.Debug|Any CPU.Build.0 = Debug|Any CPU
		{5F12CA44-3A97-4A76-84F7-1FCE9510940D}.Package|Any CPU.ActiveCfg = Package|Any CPU
		{5F12CA44-3A97-4A76-84F7-1FCE9510940D}.Package|Any CPU.Build.0 = Package|Any CPU
		{5F12CA44-3A97-4A76-84F7-1FCE9510940D}.Release|Any CPU.ActiveCfg = Release|Any CPU
		{5F12CA44-3A97-4A76-84F7-1FCE9510940D}.Release|Any CPU.Build.0 = Release|Any CPU
		{05E96A39-F464-4653-8CAA-7BDE40A05B9E}.Debug|Any CPU.ActiveCfg = Debug|Any CPU
		{05E96A39-F464-4653-8CAA-7BDE40A05B9E}.Debug|Any CPU.Build.0 = Debug|Any CPU
		{05E96A39-F464-4653-8CAA-7BDE40A05B9E}.Package|Any CPU.ActiveCfg = Package|Any CPU
		{05E96A39-F464-4653-8CAA-7BDE40A05B9E}.Package|Any CPU.Build.0 = Package|Any CPU
		{05E96A39-F464-4653-8CAA-7BDE40A05B9E}.Release|Any CPU.ActiveCfg = Release|Any CPU
		{05E96A39-F464-4653-8CAA-7BDE40A05B9E}.Release|Any CPU.Build.0 = Release|Any CPU
		{60153B47-2781-49DE-8355-AD1D5572B716}.Debug|Any CPU.ActiveCfg = Debug|Any CPU
		{60153B47-2781-49DE-8355-AD1D5572B716}.Debug|Any CPU.Build.0 = Debug|Any CPU
		{60153B47-2781-49DE-8355-AD1D5572B716}.Package|Any CPU.ActiveCfg = Package|Any CPU
		{60153B47-2781-49DE-8355-AD1D5572B716}.Package|Any CPU.Build.0 = Package|Any CPU
		{60153B47-2781-49DE-8355-AD1D5572B716}.Release|Any CPU.ActiveCfg = Release|Any CPU
		{60153B47-2781-49DE-8355-AD1D5572B716}.Release|Any CPU.Build.0 = Release|Any CPU
		{5FC27E7E-3B7B-4EAB-982B-0176812B224B}.Debug|Any CPU.ActiveCfg = Debug|Any CPU
		{5FC27E7E-3B7B-4EAB-982B-0176812B224B}.Debug|Any CPU.Build.0 = Debug|Any CPU
		{5FC27E7E-3B7B-4EAB-982B-0176812B224B}.Package|Any CPU.ActiveCfg = Debug|Any CPU
		{5FC27E7E-3B7B-4EAB-982B-0176812B224B}.Package|Any CPU.Build.0 = Debug|Any CPU
		{5FC27E7E-3B7B-4EAB-982B-0176812B224B}.Release|Any CPU.ActiveCfg = Release|Any CPU
		{5FC27E7E-3B7B-4EAB-982B-0176812B224B}.Release|Any CPU.Build.0 = Release|Any CPU
		{90DD2116-DD37-4D44-A2BA-9A813A6193B5}.Debug|Any CPU.ActiveCfg = Debug|Any CPU
		{90DD2116-DD37-4D44-A2BA-9A813A6193B5}.Debug|Any CPU.Build.0 = Debug|Any CPU
		{90DD2116-DD37-4D44-A2BA-9A813A6193B5}.Package|Any CPU.ActiveCfg = Debug|Any CPU
		{90DD2116-DD37-4D44-A2BA-9A813A6193B5}.Package|Any CPU.Build.0 = Debug|Any CPU
		{90DD2116-DD37-4D44-A2BA-9A813A6193B5}.Release|Any CPU.ActiveCfg = Release|Any CPU
		{90DD2116-DD37-4D44-A2BA-9A813A6193B5}.Release|Any CPU.Build.0 = Release|Any CPU
		{606BA481-FE57-415D-9F83-601EF965F924}.Debug|Any CPU.ActiveCfg = Debug|Any CPU
		{606BA481-FE57-415D-9F83-601EF965F924}.Debug|Any CPU.Build.0 = Debug|Any CPU
		{606BA481-FE57-415D-9F83-601EF965F924}.Package|Any CPU.ActiveCfg = Package|Any CPU
		{606BA481-FE57-415D-9F83-601EF965F924}.Package|Any CPU.Build.0 = Package|Any CPU
		{606BA481-FE57-415D-9F83-601EF965F924}.Release|Any CPU.ActiveCfg = Release|Any CPU
		{606BA481-FE57-415D-9F83-601EF965F924}.Release|Any CPU.Build.0 = Release|Any CPU
		{FAFB40CA-BF0A-4ED3-B48E-3417E2202F24}.Debug|Any CPU.ActiveCfg = Debug|Any CPU
		{FAFB40CA-BF0A-4ED3-B48E-3417E2202F24}.Debug|Any CPU.Build.0 = Debug|Any CPU
		{FAFB40CA-BF0A-4ED3-B48E-3417E2202F24}.Package|Any CPU.ActiveCfg = Package|Any CPU
		{FAFB40CA-BF0A-4ED3-B48E-3417E2202F24}.Package|Any CPU.Build.0 = Package|Any CPU
		{FAFB40CA-BF0A-4ED3-B48E-3417E2202F24}.Release|Any CPU.ActiveCfg = Release|Any CPU
		{FAFB40CA-BF0A-4ED3-B48E-3417E2202F24}.Release|Any CPU.Build.0 = Release|Any CPU
		{A3FD769A-6D6B-4484-B258-CBEA3ABE3FF7}.Debug|Any CPU.ActiveCfg = Debug|Any CPU
		{A3FD769A-6D6B-4484-B258-CBEA3ABE3FF7}.Debug|Any CPU.Build.0 = Debug|Any CPU
		{A3FD769A-6D6B-4484-B258-CBEA3ABE3FF7}.Package|Any CPU.ActiveCfg = Debug|Any CPU
		{A3FD769A-6D6B-4484-B258-CBEA3ABE3FF7}.Package|Any CPU.Build.0 = Debug|Any CPU
		{A3FD769A-6D6B-4484-B258-CBEA3ABE3FF7}.Release|Any CPU.ActiveCfg = Release|Any CPU
		{A3FD769A-6D6B-4484-B258-CBEA3ABE3FF7}.Release|Any CPU.Build.0 = Release|Any CPU
		{647AB8F8-EB08-4877-8E59-378EA569D298}.Debug|Any CPU.ActiveCfg = Debug|Any CPU
		{647AB8F8-EB08-4877-8E59-378EA569D298}.Debug|Any CPU.Build.0 = Debug|Any CPU
		{647AB8F8-EB08-4877-8E59-378EA569D298}.Package|Any CPU.ActiveCfg = Debug|Any CPU
		{647AB8F8-EB08-4877-8E59-378EA569D298}.Package|Any CPU.Build.0 = Debug|Any CPU
		{647AB8F8-EB08-4877-8E59-378EA569D298}.Release|Any CPU.ActiveCfg = Release|Any CPU
		{647AB8F8-EB08-4877-8E59-378EA569D298}.Release|Any CPU.Build.0 = Release|Any CPU
		{A6D7E268-32E8-47B8-87D9-CAE3E0C74766}.Debug|Any CPU.ActiveCfg = Debug|Any CPU
		{A6D7E268-32E8-47B8-87D9-CAE3E0C74766}.Debug|Any CPU.Build.0 = Debug|Any CPU
		{A6D7E268-32E8-47B8-87D9-CAE3E0C74766}.Package|Any CPU.ActiveCfg = Package|Any CPU
		{A6D7E268-32E8-47B8-87D9-CAE3E0C74766}.Package|Any CPU.Build.0 = Package|Any CPU
		{A6D7E268-32E8-47B8-87D9-CAE3E0C74766}.Release|Any CPU.ActiveCfg = Release|Any CPU
		{A6D7E268-32E8-47B8-87D9-CAE3E0C74766}.Release|Any CPU.Build.0 = Release|Any CPU
		{E6324032-CB9F-4023-BF95-C18576BBAD6C}.Debug|Any CPU.ActiveCfg = Debug|Any CPU
		{E6324032-CB9F-4023-BF95-C18576BBAD6C}.Debug|Any CPU.Build.0 = Debug|Any CPU
		{E6324032-CB9F-4023-BF95-C18576BBAD6C}.Package|Any CPU.ActiveCfg = Debug|Any CPU
		{E6324032-CB9F-4023-BF95-C18576BBAD6C}.Package|Any CPU.Build.0 = Debug|Any CPU
		{E6324032-CB9F-4023-BF95-C18576BBAD6C}.Release|Any CPU.ActiveCfg = Release|Any CPU
		{E6324032-CB9F-4023-BF95-C18576BBAD6C}.Release|Any CPU.Build.0 = Release|Any CPU
		{24EA3288-4D92-4F66-A340-D232C760BDA1}.Debug|Any CPU.ActiveCfg = Debug|Any CPU
		{24EA3288-4D92-4F66-A340-D232C760BDA1}.Debug|Any CPU.Build.0 = Debug|Any CPU
		{24EA3288-4D92-4F66-A340-D232C760BDA1}.Package|Any CPU.ActiveCfg = Package|Any CPU
		{24EA3288-4D92-4F66-A340-D232C760BDA1}.Package|Any CPU.Build.0 = Package|Any CPU
		{24EA3288-4D92-4F66-A340-D232C760BDA1}.Release|Any CPU.ActiveCfg = Release|Any CPU
		{24EA3288-4D92-4F66-A340-D232C760BDA1}.Release|Any CPU.Build.0 = Release|Any CPU
		{C1756030-F567-41ED-984B-D866884A5046}.Debug|Any CPU.ActiveCfg = Debug|Any CPU
		{C1756030-F567-41ED-984B-D866884A5046}.Debug|Any CPU.Build.0 = Debug|Any CPU
		{C1756030-F567-41ED-984B-D866884A5046}.Package|Any CPU.ActiveCfg = Debug|Any CPU
		{C1756030-F567-41ED-984B-D866884A5046}.Package|Any CPU.Build.0 = Debug|Any CPU
		{C1756030-F567-41ED-984B-D866884A5046}.Release|Any CPU.ActiveCfg = Release|Any CPU
		{C1756030-F567-41ED-984B-D866884A5046}.Release|Any CPU.Build.0 = Release|Any CPU
		{1309BAB6-3226-4360-A136-809193E8CB0B}.Debug|Any CPU.ActiveCfg = Debug|Any CPU
		{1309BAB6-3226-4360-A136-809193E8CB0B}.Debug|Any CPU.Build.0 = Debug|Any CPU
		{1309BAB6-3226-4360-A136-809193E8CB0B}.Package|Any CPU.ActiveCfg = Debug|Any CPU
		{1309BAB6-3226-4360-A136-809193E8CB0B}.Package|Any CPU.Build.0 = Debug|Any CPU
		{1309BAB6-3226-4360-A136-809193E8CB0B}.Release|Any CPU.ActiveCfg = Release|Any CPU
		{1309BAB6-3226-4360-A136-809193E8CB0B}.Release|Any CPU.Build.0 = Release|Any CPU
		{2F720833-9916-4AAA-AE2F-E96E62BC40C2}.Debug|Any CPU.ActiveCfg = Debug|Any CPU
		{2F720833-9916-4AAA-AE2F-E96E62BC40C2}.Debug|Any CPU.Build.0 = Debug|Any CPU
		{2F720833-9916-4AAA-AE2F-E96E62BC40C2}.Package|Any CPU.ActiveCfg = Debug|Any CPU
		{2F720833-9916-4AAA-AE2F-E96E62BC40C2}.Package|Any CPU.Build.0 = Debug|Any CPU
		{2F720833-9916-4AAA-AE2F-E96E62BC40C2}.Release|Any CPU.ActiveCfg = Release|Any CPU
		{2F720833-9916-4AAA-AE2F-E96E62BC40C2}.Release|Any CPU.Build.0 = Release|Any CPU
		{809A710F-0CC4-4C7C-A298-9AF5EA8022AC}.Debug|Any CPU.ActiveCfg = Debug|Any CPU
		{809A710F-0CC4-4C7C-A298-9AF5EA8022AC}.Debug|Any CPU.Build.0 = Debug|Any CPU
		{809A710F-0CC4-4C7C-A298-9AF5EA8022AC}.Package|Any CPU.ActiveCfg = Debug|Any CPU
		{809A710F-0CC4-4C7C-A298-9AF5EA8022AC}.Package|Any CPU.Build.0 = Debug|Any CPU
		{809A710F-0CC4-4C7C-A298-9AF5EA8022AC}.Release|Any CPU.ActiveCfg = Release|Any CPU
		{809A710F-0CC4-4C7C-A298-9AF5EA8022AC}.Release|Any CPU.Build.0 = Release|Any CPU
		{A5E418C3-A71F-4C09-B439-307382EFE8AF}.Debug|Any CPU.ActiveCfg = Debug|Any CPU
		{A5E418C3-A71F-4C09-B439-307382EFE8AF}.Debug|Any CPU.Build.0 = Debug|Any CPU
		{A5E418C3-A71F-4C09-B439-307382EFE8AF}.Package|Any CPU.ActiveCfg = Package|Any CPU
		{A5E418C3-A71F-4C09-B439-307382EFE8AF}.Package|Any CPU.Build.0 = Package|Any CPU
		{A5E418C3-A71F-4C09-B439-307382EFE8AF}.Release|Any CPU.ActiveCfg = Release|Any CPU
		{A5E418C3-A71F-4C09-B439-307382EFE8AF}.Release|Any CPU.Build.0 = Release|Any CPU
		{35F80F67-5BA1-4C32-85DF-E5454705B3F6}.Debug|Any CPU.ActiveCfg = Debug|Any CPU
		{35F80F67-5BA1-4C32-85DF-E5454705B3F6}.Debug|Any CPU.Build.0 = Debug|Any CPU
		{35F80F67-5BA1-4C32-85DF-E5454705B3F6}.Package|Any CPU.ActiveCfg = Package|Any CPU
		{35F80F67-5BA1-4C32-85DF-E5454705B3F6}.Package|Any CPU.Build.0 = Package|Any CPU
		{35F80F67-5BA1-4C32-85DF-E5454705B3F6}.Release|Any CPU.ActiveCfg = Release|Any CPU
		{35F80F67-5BA1-4C32-85DF-E5454705B3F6}.Release|Any CPU.Build.0 = Release|Any CPU
		{28618CF5-36D8-4062-AE4D-63725D941638}.Debug|Any CPU.ActiveCfg = Debug|Any CPU
		{28618CF5-36D8-4062-AE4D-63725D941638}.Debug|Any CPU.Build.0 = Debug|Any CPU
		{28618CF5-36D8-4062-AE4D-63725D941638}.Package|Any CPU.ActiveCfg = Debug|Any CPU
		{28618CF5-36D8-4062-AE4D-63725D941638}.Package|Any CPU.Build.0 = Debug|Any CPU
		{28618CF5-36D8-4062-AE4D-63725D941638}.Release|Any CPU.ActiveCfg = Release|Any CPU
		{28618CF5-36D8-4062-AE4D-63725D941638}.Release|Any CPU.Build.0 = Release|Any CPU
		{5F41470E-DDB3-42F1-9D53-DBD3EFD1291C}.Debug|Any CPU.ActiveCfg = Debug|Any CPU
		{5F41470E-DDB3-42F1-9D53-DBD3EFD1291C}.Debug|Any CPU.Build.0 = Debug|Any CPU
		{5F41470E-DDB3-42F1-9D53-DBD3EFD1291C}.Package|Any CPU.ActiveCfg = Debug|Any CPU
		{5F41470E-DDB3-42F1-9D53-DBD3EFD1291C}.Package|Any CPU.Build.0 = Debug|Any CPU
		{5F41470E-DDB3-42F1-9D53-DBD3EFD1291C}.Release|Any CPU.ActiveCfg = Release|Any CPU
		{5F41470E-DDB3-42F1-9D53-DBD3EFD1291C}.Release|Any CPU.Build.0 = Release|Any CPU
		{07A02F98-D670-4B48-9D1E-6F4585746047}.Debug|Any CPU.ActiveCfg = Debug|Any CPU
		{07A02F98-D670-4B48-9D1E-6F4585746047}.Debug|Any CPU.Build.0 = Debug|Any CPU
		{07A02F98-D670-4B48-9D1E-6F4585746047}.Package|Any CPU.ActiveCfg = Debug|Any CPU
		{07A02F98-D670-4B48-9D1E-6F4585746047}.Package|Any CPU.Build.0 = Debug|Any CPU
		{07A02F98-D670-4B48-9D1E-6F4585746047}.Release|Any CPU.ActiveCfg = Release|Any CPU
		{07A02F98-D670-4B48-9D1E-6F4585746047}.Release|Any CPU.Build.0 = Release|Any CPU
		{5FFF3117-6E79-41F1-AF8C-F2881F67213C}.Debug|Any CPU.ActiveCfg = Debug|Any CPU
		{5FFF3117-6E79-41F1-AF8C-F2881F67213C}.Debug|Any CPU.Build.0 = Debug|Any CPU
		{5FFF3117-6E79-41F1-AF8C-F2881F67213C}.Package|Any CPU.ActiveCfg = Debug|Any CPU
		{5FFF3117-6E79-41F1-AF8C-F2881F67213C}.Package|Any CPU.Build.0 = Debug|Any CPU
		{5FFF3117-6E79-41F1-AF8C-F2881F67213C}.Release|Any CPU.ActiveCfg = Release|Any CPU
		{5FFF3117-6E79-41F1-AF8C-F2881F67213C}.Release|Any CPU.Build.0 = Release|Any CPU
		{9951C9B8-603A-42DC-8B5B-FD2A02D63404}.Debug|Any CPU.ActiveCfg = Debug|Any CPU
		{9951C9B8-603A-42DC-8B5B-FD2A02D63404}.Debug|Any CPU.Build.0 = Debug|Any CPU
		{9951C9B8-603A-42DC-8B5B-FD2A02D63404}.Package|Any CPU.ActiveCfg = Debug|Any CPU
		{9951C9B8-603A-42DC-8B5B-FD2A02D63404}.Package|Any CPU.Build.0 = Debug|Any CPU
		{9951C9B8-603A-42DC-8B5B-FD2A02D63404}.Release|Any CPU.ActiveCfg = Release|Any CPU
		{9951C9B8-603A-42DC-8B5B-FD2A02D63404}.Release|Any CPU.Build.0 = Release|Any CPU
		{A4DD3553-3B92-4876-8E4F-554DFF59B92C}.Debug|Any CPU.ActiveCfg = Debug|Any CPU
		{A4DD3553-3B92-4876-8E4F-554DFF59B92C}.Debug|Any CPU.Build.0 = Debug|Any CPU
		{A4DD3553-3B92-4876-8E4F-554DFF59B92C}.Package|Any CPU.ActiveCfg = Debug|Any CPU
		{A4DD3553-3B92-4876-8E4F-554DFF59B92C}.Package|Any CPU.Build.0 = Debug|Any CPU
		{A4DD3553-3B92-4876-8E4F-554DFF59B92C}.Release|Any CPU.ActiveCfg = Release|Any CPU
		{A4DD3553-3B92-4876-8E4F-554DFF59B92C}.Release|Any CPU.Build.0 = Release|Any CPU
		{348E424B-67F9-4763-B12E-9A1A4E764F5C}.Debug|Any CPU.ActiveCfg = Debug|Any CPU
		{348E424B-67F9-4763-B12E-9A1A4E764F5C}.Debug|Any CPU.Build.0 = Debug|Any CPU
		{348E424B-67F9-4763-B12E-9A1A4E764F5C}.Package|Any CPU.ActiveCfg = Debug|Any CPU
		{348E424B-67F9-4763-B12E-9A1A4E764F5C}.Package|Any CPU.Build.0 = Debug|Any CPU
		{348E424B-67F9-4763-B12E-9A1A4E764F5C}.Release|Any CPU.ActiveCfg = Release|Any CPU
		{348E424B-67F9-4763-B12E-9A1A4E764F5C}.Release|Any CPU.Build.0 = Release|Any CPU
		{9406069A-66A2-4E48-B5D8-8054EA8C4833}.Debug|Any CPU.ActiveCfg = Debug|Any CPU
		{9406069A-66A2-4E48-B5D8-8054EA8C4833}.Debug|Any CPU.Build.0 = Debug|Any CPU
		{9406069A-66A2-4E48-B5D8-8054EA8C4833}.Package|Any CPU.ActiveCfg = Debug|Any CPU
		{9406069A-66A2-4E48-B5D8-8054EA8C4833}.Package|Any CPU.Build.0 = Debug|Any CPU
		{9406069A-66A2-4E48-B5D8-8054EA8C4833}.Release|Any CPU.ActiveCfg = Release|Any CPU
		{9406069A-66A2-4E48-B5D8-8054EA8C4833}.Release|Any CPU.Build.0 = Release|Any CPU
		{1B55B7B4-7CD8-4958-8F8A-686C453E27BC}.Debug|Any CPU.ActiveCfg = Debug|Any CPU
		{1B55B7B4-7CD8-4958-8F8A-686C453E27BC}.Debug|Any CPU.Build.0 = Debug|Any CPU
		{1B55B7B4-7CD8-4958-8F8A-686C453E27BC}.Package|Any CPU.ActiveCfg = Debug|Any CPU
		{1B55B7B4-7CD8-4958-8F8A-686C453E27BC}.Package|Any CPU.Build.0 = Debug|Any CPU
		{1B55B7B4-7CD8-4958-8F8A-686C453E27BC}.Release|Any CPU.ActiveCfg = Release|Any CPU
		{1B55B7B4-7CD8-4958-8F8A-686C453E27BC}.Release|Any CPU.Build.0 = Release|Any CPU
		{CF8E8B1D-5699-45FD-B5A4-7267B1103DFF}.Debug|Any CPU.ActiveCfg = Debug|Any CPU
		{CF8E8B1D-5699-45FD-B5A4-7267B1103DFF}.Debug|Any CPU.Build.0 = Debug|Any CPU
		{CF8E8B1D-5699-45FD-B5A4-7267B1103DFF}.Package|Any CPU.ActiveCfg = Debug|Any CPU
		{CF8E8B1D-5699-45FD-B5A4-7267B1103DFF}.Package|Any CPU.Build.0 = Debug|Any CPU
		{CF8E8B1D-5699-45FD-B5A4-7267B1103DFF}.Release|Any CPU.ActiveCfg = Release|Any CPU
		{CF8E8B1D-5699-45FD-B5A4-7267B1103DFF}.Release|Any CPU.Build.0 = Release|Any CPU
		{6D8FCBD6-EE2D-418C-834B-2A3E4ECBD4DB}.Debug|Any CPU.ActiveCfg = Debug|Any CPU
		{6D8FCBD6-EE2D-418C-834B-2A3E4ECBD4DB}.Debug|Any CPU.Build.0 = Debug|Any CPU
		{6D8FCBD6-EE2D-418C-834B-2A3E4ECBD4DB}.Package|Any CPU.ActiveCfg = Debug|Any CPU
		{6D8FCBD6-EE2D-418C-834B-2A3E4ECBD4DB}.Package|Any CPU.Build.0 = Debug|Any CPU
		{6D8FCBD6-EE2D-418C-834B-2A3E4ECBD4DB}.Release|Any CPU.ActiveCfg = Release|Any CPU
		{6D8FCBD6-EE2D-418C-834B-2A3E4ECBD4DB}.Release|Any CPU.Build.0 = Release|Any CPU
		{4CCD5EA0-0820-4FB1-99CD-FAF1CA7A2726}.Debug|Any CPU.ActiveCfg = Debug|Any CPU
		{4CCD5EA0-0820-4FB1-99CD-FAF1CA7A2726}.Debug|Any CPU.Build.0 = Debug|Any CPU
		{4CCD5EA0-0820-4FB1-99CD-FAF1CA7A2726}.Package|Any CPU.ActiveCfg = Debug|Any CPU
		{4CCD5EA0-0820-4FB1-99CD-FAF1CA7A2726}.Package|Any CPU.Build.0 = Debug|Any CPU
		{4CCD5EA0-0820-4FB1-99CD-FAF1CA7A2726}.Release|Any CPU.ActiveCfg = Release|Any CPU
		{4CCD5EA0-0820-4FB1-99CD-FAF1CA7A2726}.Release|Any CPU.Build.0 = Release|Any CPU
		{6D02239B-157A-46F9-8523-B78D2D6BC9F7}.Debug|Any CPU.ActiveCfg = Debug|Any CPU
		{6D02239B-157A-46F9-8523-B78D2D6BC9F7}.Debug|Any CPU.Build.0 = Debug|Any CPU
		{6D02239B-157A-46F9-8523-B78D2D6BC9F7}.Package|Any CPU.ActiveCfg = Debug|Any CPU
		{6D02239B-157A-46F9-8523-B78D2D6BC9F7}.Package|Any CPU.Build.0 = Debug|Any CPU
		{6D02239B-157A-46F9-8523-B78D2D6BC9F7}.Release|Any CPU.ActiveCfg = Release|Any CPU
		{6D02239B-157A-46F9-8523-B78D2D6BC9F7}.Release|Any CPU.Build.0 = Release|Any CPU
		{00CA8BE1-7E56-4998-B14F-703A2A8680E3}.Debug|Any CPU.ActiveCfg = Debug|Any CPU
		{00CA8BE1-7E56-4998-B14F-703A2A8680E3}.Debug|Any CPU.Build.0 = Debug|Any CPU
		{00CA8BE1-7E56-4998-B14F-703A2A8680E3}.Package|Any CPU.ActiveCfg = Debug|Any CPU
		{00CA8BE1-7E56-4998-B14F-703A2A8680E3}.Package|Any CPU.Build.0 = Debug|Any CPU
		{00CA8BE1-7E56-4998-B14F-703A2A8680E3}.Release|Any CPU.ActiveCfg = Release|Any CPU
		{00CA8BE1-7E56-4998-B14F-703A2A8680E3}.Release|Any CPU.Build.0 = Release|Any CPU
		{226CBA22-4AFA-4F6B-BA44-28AA1E1411B1}.Debug|Any CPU.ActiveCfg = Debug|Any CPU
		{226CBA22-4AFA-4F6B-BA44-28AA1E1411B1}.Debug|Any CPU.Build.0 = Debug|Any CPU
		{226CBA22-4AFA-4F6B-BA44-28AA1E1411B1}.Package|Any CPU.ActiveCfg = Debug|Any CPU
		{226CBA22-4AFA-4F6B-BA44-28AA1E1411B1}.Package|Any CPU.Build.0 = Debug|Any CPU
		{226CBA22-4AFA-4F6B-BA44-28AA1E1411B1}.Release|Any CPU.ActiveCfg = Release|Any CPU
		{226CBA22-4AFA-4F6B-BA44-28AA1E1411B1}.Release|Any CPU.Build.0 = Release|Any CPU
		{3F509018-ADC5-4423-9BED-9C17A734B6C0}.Debug|Any CPU.ActiveCfg = Debug|Any CPU
		{3F509018-ADC5-4423-9BED-9C17A734B6C0}.Debug|Any CPU.Build.0 = Debug|Any CPU
		{3F509018-ADC5-4423-9BED-9C17A734B6C0}.Package|Any CPU.ActiveCfg = Debug|Any CPU
		{3F509018-ADC5-4423-9BED-9C17A734B6C0}.Package|Any CPU.Build.0 = Debug|Any CPU
		{3F509018-ADC5-4423-9BED-9C17A734B6C0}.Release|Any CPU.ActiveCfg = Release|Any CPU
		{3F509018-ADC5-4423-9BED-9C17A734B6C0}.Release|Any CPU.Build.0 = Release|Any CPU
		{30926382-3EF5-4D97-81E2-D69F43575E24}.Debug|Any CPU.ActiveCfg = Debug|Any CPU
		{30926382-3EF5-4D97-81E2-D69F43575E24}.Debug|Any CPU.Build.0 = Debug|Any CPU
		{30926382-3EF5-4D97-81E2-D69F43575E24}.Package|Any CPU.ActiveCfg = Debug|Any CPU
		{30926382-3EF5-4D97-81E2-D69F43575E24}.Package|Any CPU.Build.0 = Debug|Any CPU
		{30926382-3EF5-4D97-81E2-D69F43575E24}.Release|Any CPU.ActiveCfg = Release|Any CPU
		{30926382-3EF5-4D97-81E2-D69F43575E24}.Release|Any CPU.Build.0 = Release|Any CPU
	EndGlobalSection
	GlobalSection(SolutionProperties) = preSolution
		HideSolutionNode = FALSE
	EndGlobalSection
	GlobalSection(NestedProjects) = preSolution
		{1AF696AA-9716-47EF-B360-7D0DE59399E2} = {EBD1F96B-460B-4748-9BCC-2EB3F589DB64}
		{5F12CA44-3A97-4A76-84F7-1FCE9510940D} = {EBD1F96B-460B-4748-9BCC-2EB3F589DB64}
		{05E96A39-F464-4653-8CAA-7BDE40A05B9E} = {EBD1F96B-460B-4748-9BCC-2EB3F589DB64}
		{60153B47-2781-49DE-8355-AD1D5572B716} = {EBD1F96B-460B-4748-9BCC-2EB3F589DB64}
		{5FC27E7E-3B7B-4EAB-982B-0176812B224B} = {A4C93E99-C949-488D-9B60-7DC9BCFCA31C}
		{90DD2116-DD37-4D44-A2BA-9A813A6193B5} = {A4C93E99-C949-488D-9B60-7DC9BCFCA31C}
		{606BA481-FE57-415D-9F83-601EF965F924} = {EBD1F96B-460B-4748-9BCC-2EB3F589DB64}
		{FAFB40CA-BF0A-4ED3-B48E-3417E2202F24} = {EBD1F96B-460B-4748-9BCC-2EB3F589DB64}
		{A3FD769A-6D6B-4484-B258-CBEA3ABE3FF7} = {EBD1F96B-460B-4748-9BCC-2EB3F589DB64}
		{647AB8F8-EB08-4877-8E59-378EA569D298} = {EBD1F96B-460B-4748-9BCC-2EB3F589DB64}
		{A6D7E268-32E8-47B8-87D9-CAE3E0C74766} = {EBD1F96B-460B-4748-9BCC-2EB3F589DB64}
		{E6324032-CB9F-4023-BF95-C18576BBAD6C} = {EBD1F96B-460B-4748-9BCC-2EB3F589DB64}
		{24EA3288-4D92-4F66-A340-D232C760BDA1} = {EBD1F96B-460B-4748-9BCC-2EB3F589DB64}
		{C1756030-F567-41ED-984B-D866884A5046} = {117AD04C-A761-4DB7-A604-5D6026539385}
		{1309BAB6-3226-4360-A136-809193E8CB0B} = {117AD04C-A761-4DB7-A604-5D6026539385}
		{2F720833-9916-4AAA-AE2F-E96E62BC40C2} = {117AD04C-A761-4DB7-A604-5D6026539385}
		{809A710F-0CC4-4C7C-A298-9AF5EA8022AC} = {045D3D14-936F-4CC8-9E94-0FC35BBF6E03}
		{A5E418C3-A71F-4C09-B439-307382EFE8AF} = {EBD1F96B-460B-4748-9BCC-2EB3F589DB64}
		{35F80F67-5BA1-4C32-85DF-E5454705B3F6} = {EBD1F96B-460B-4748-9BCC-2EB3F589DB64}
		{28618CF5-36D8-4062-AE4D-63725D941638} = {117AD04C-A761-4DB7-A604-5D6026539385}
		{5F41470E-DDB3-42F1-9D53-DBD3EFD1291C} = {117AD04C-A761-4DB7-A604-5D6026539385}
		{07A02F98-D670-4B48-9D1E-6F4585746047} = {117AD04C-A761-4DB7-A604-5D6026539385}
		{5FFF3117-6E79-41F1-AF8C-F2881F67213C} = {117AD04C-A761-4DB7-A604-5D6026539385}
		{9951C9B8-603A-42DC-8B5B-FD2A02D63404} = {117AD04C-A761-4DB7-A604-5D6026539385}
		{A4DD3553-3B92-4876-8E4F-554DFF59B92C} = {117AD04C-A761-4DB7-A604-5D6026539385}
		{348E424B-67F9-4763-B12E-9A1A4E764F5C} = {117AD04C-A761-4DB7-A604-5D6026539385}
		{9406069A-66A2-4E48-B5D8-8054EA8C4833} = {117AD04C-A761-4DB7-A604-5D6026539385}
		{1B55B7B4-7CD8-4958-8F8A-686C453E27BC} = {117AD04C-A761-4DB7-A604-5D6026539385}
		{CF8E8B1D-5699-45FD-B5A4-7267B1103DFF} = {117AD04C-A761-4DB7-A604-5D6026539385}
		{6D8FCBD6-EE2D-418C-834B-2A3E4ECBD4DB} = {117AD04C-A761-4DB7-A604-5D6026539385}
		{4CCD5EA0-0820-4FB1-99CD-FAF1CA7A2726} = {117AD04C-A761-4DB7-A604-5D6026539385}
		{6D02239B-157A-46F9-8523-B78D2D6BC9F7} = {117AD04C-A761-4DB7-A604-5D6026539385}
		{00CA8BE1-7E56-4998-B14F-703A2A8680E3} = {117AD04C-A761-4DB7-A604-5D6026539385}
		{226CBA22-4AFA-4F6B-BA44-28AA1E1411B1} = {117AD04C-A761-4DB7-A604-5D6026539385}
		{3F509018-ADC5-4423-9BED-9C17A734B6C0} = {117AD04C-A761-4DB7-A604-5D6026539385}
		{30926382-3EF5-4D97-81E2-D69F43575E24} = {117AD04C-A761-4DB7-A604-5D6026539385}
	EndGlobalSection
	GlobalSection(ExtensibilityGlobals) = postSolution
		SolutionGuid = {73EC3407-6042-4AB1-ACE1-EA62FA3087B5}
	EndGlobalSection
EndGlobal
